{
  "name": "teste",
  "version": "1.0.0",
  "lockfileVersion": 3,
  "requires": true,
  "packages": {
    "": {
      "name": "teste",
      "version": "1.0.0",
      "license": "ISC",
      "dependencies": {
        "ri4": "file:../RI4"
      }
    },
    "../RI4": {
      "name": "ri4",
      "version": "1.0.0",
      "license": "ISC"
    },
    "node_modules/ri4": {
      "resolved": "../RI4",
      "link": true
    }
  }
}
